
Microsoft Visual Studio Solution File, Format Version 11.00
# Visual Studio 2010
Project("{FAE04EC0-301F-11D3-BF4B-00C04F79EFBC}") = "Assembly-CSharp", "Assembly-CSharp.csproj", "{18394D91-3C79-C4DD-0891-ABDD3223205B}"
EndProject
Project("{FAE04EC0-301F-11D3-BF4B-00C04F79EFBC}") = "Assembly-CSharp-Editor", "Assembly-CSharp-Editor.csproj", "{F7CE57B4-D0FD-1ACB-F025-D8EF7B2ADE2D}"
EndProject
Global
	GlobalSection(SolutionConfigurationPlatforms) = preSolution
		Debug|Any CPU = Debug|Any CPU
		Release|Any CPU = Release|Any CPU
	EndGlobalSection
	GlobalSection(ProjectConfigurationPlatforms) = postSolution
		{18394D91-3C79-C4DD-0891-ABDD3223205B}.Debug|Any CPU.ActiveCfg = Debug|Any CPU
		{18394D91-3C79-C4DD-0891-ABDD3223205B}.Debug|Any CPU.Build.0 = Debug|Any CPU
		{18394D91-3C79-C4DD-0891-ABDD3223205B}.Release|Any CPU.ActiveCfg = Release|Any CPU
		{18394D91-3C79-C4DD-0891-ABDD3223205B}.Release|Any CPU.Build.0 = Release|Any CPU
		{F7CE57B4-D0FD-1ACB-F025-D8EF7B2ADE2D}.Debug|Any CPU.ActiveCfg = Debug|Any CPU
		{F7CE57B4-D0FD-1ACB-F025-D8EF7B2ADE2D}.Debug|Any CPU.Build.0 = Debug|Any CPU
		{F7CE57B4-D0FD-1ACB-F025-D8EF7B2ADE2D}.Release|Any CPU.ActiveCfg = Release|Any CPU
		{F7CE57B4-D0FD-1ACB-F025-D8EF7B2ADE2D}.Release|Any CPU.Build.0 = Release|Any CPU
	EndGlobalSection
	GlobalSection(SolutionProperties) = preSolution
		HideSolutionNode = FALSE
	EndGlobalSection
EndGlobal
